
Microsoft Visual Studio Solution File, Format Version 12.00
# Visual Studio Version 16
VisualStudioVersion = 16.0.29519.87
MinimumVisualStudioVersion = 10.0.40219.1
Project("{FAE04EC0-301F-11D3-BF4B-00C04F79EFBC}") = "SharpTasks", "SharpTasks.csproj", "{63CC8175-6CB4-4F69-978A-E00E7A891049}"
EndProject
Global
	GlobalSection(SolutionConfigurationPlatforms) = preSolution
		Debug|Any CPU = Debug|Any CPU
		Release|Any CPU = Release|Any CPU
	EndGlobalSection
	GlobalSection(ProjectConfigurationPlatforms) = postSolution
		{63CC8175-6CB4-4F69-978A-E00E7A891049}.Debug|Any CPU.ActiveCfg = Debug|Any CPU
		{63CC8175-6CB4-4F69-978A-E00E7A891049}.Debug|Any CPU.Build.0 = Debug|Any CPU
		{63CC8175-6CB4-4F69-978A-E00E7A891049}.Release|Any CPU.ActiveCfg = Release|Any CPU
		{63CC8175-6CB4-4F69-978A-E00E7A891049}.Release|Any CPU.Build.0 = Release|Any CPU
	EndGlobalSection
	GlobalSection(SolutionProperties) = preSolution
		HideSolutionNode = FALSE
	EndGlobalSection
	GlobalSection(ExtensibilityGlobals) = postSolution
		SolutionGuid = {3500E623-1F9E-42B2-ADC3-2F0DDB6A5B9B}
	EndGlobalSection
EndGlobal
